
Microsoft Visual Studio Solution File, Format Version 12.00
# Visual Studio Version 17
VisualStudioVersion = 17.7.34024.191
MinimumVisualStudioVersion = 10.0.40219.1
Project("{FAE04EC0-301F-11D3-BF4B-00C04F79EFBC}") = "Blazor.Contacts.Wasm.Server", "Blazor.Contacts.Wasm\Server\Blazor.Contacts.Wasm.Server.csproj", "{A64A3852-0449-485F-812A-3236F6491559}"
EndProject
Project("{FAE04EC0-301F-11D3-BF4B-00C04F79EFBC}") = "Blazor.Contacts.Wasm.Client", "Blazor.Contacts.Wasm\Client\Blazor.Contacts.Wasm.Client.csproj", "{70B3408A-CF3B-409E-AB9A-A963F336B25D}"
EndProject
Project("{FAE04EC0-301F-11D3-BF4B-00C04F79EFBC}") = "Blazor.Contacts.Wasm.Shared", "Blazor.Contacts.Wasm\Shared\Blazor.Contacts.Wasm.Shared.csproj", "{F142F04E-F214-4B57-B1A4-4A5090B09837}"
EndProject
Global
	GlobalSection(SolutionConfigurationPlatforms) = preSolution
		Debug|Any CPU = Debug|Any CPU
		Release|Any CPU = Release|Any CPU
	EndGlobalSection
	GlobalSection(ProjectConfigurationPlatforms) = postSolution
		{A64A3852-0449-485F-812A-3236F6491559}.Debug|Any CPU.ActiveCfg = Debug|Any CPU
		{A64A3852-0449-485F-812A-3236F6491559}.Debug|Any CPU.Build.0 = Debug|Any CPU
		{A64A3852-0449-485F-812A-3236F6491559}.Release|Any CPU.ActiveCfg = Release|Any CPU
		{A64A3852-0449-485F-812A-3236F6491559}.Release|Any CPU.Build.0 = Release|Any CPU
		{70B3408A-CF3B-409E-AB9A-A963F336B25D}.Debug|Any CPU.ActiveCfg = Debug|Any CPU
		{70B3408A-CF3B-409E-AB9A-A963F336B25D}.Debug|Any CPU.Build.0 = Debug|Any CPU
		{70B3408A-CF3B-409E-AB9A-A963F336B25D}.Release|Any CPU.ActiveCfg = Release|Any CPU
		{70B3408A-CF3B-409E-AB9A-A963F336B25D}.Release|Any CPU.Build.0 = Release|Any CPU
		{F142F04E-F214-4B57-B1A4-4A5090B09837}.Debug|Any CPU.ActiveCfg = Debug|Any CPU
		{F142F04E-F214-4B57-B1A4-4A5090B09837}.Debug|Any CPU.Build.0 = Debug|Any CPU
		{F142F04E-F214-4B57-B1A4-4A5090B09837}.Release|Any CPU.ActiveCfg = Release|Any CPU
		{F142F04E-F214-4B57-B1A4-4A5090B09837}.Release|Any CPU.Build.0 = Release|Any CPU
	EndGlobalSection
	GlobalSection(SolutionProperties) = preSolution
		HideSolutionNode = FALSE
	EndGlobalSection
	GlobalSection(ExtensibilityGlobals) = postSolution
		SolutionGuid = {60700ED0-2E7F-4CF3-B63C-5E8D8D27D330}
	EndGlobalSection
EndGlobal
